
Microsoft Visual Studio Solution File, Format Version 12.00
# Visual Studio Version 16
VisualStudioVersion = 16.0.32630.194
MinimumVisualStudioVersion = 10.0.40219.1
Project("{FAE04EC0-301F-11D3-BF4B-00C04F79EFBC}") = "SalesManagement", "SalesManagement.csproj", "{506BA9EB-DC93-4611-A1BA-072E1838AAE4}"
EndProject
Global
	GlobalSection(SolutionConfigurationPlatforms) = preSolution
		Debug|Any CPU = Debug|Any CPU
		Release|Any CPU = Release|Any CPU
	EndGlobalSection
	GlobalSection(ProjectConfigurationPlatforms) = postSolution
		{506BA9EB-DC93-4611-A1BA-072E1838AAE4}.Debug|Any CPU.ActiveCfg = Debug|Any CPU
		{506BA9EB-DC93-4611-A1BA-072E1838AAE4}.Debug|Any CPU.Build.0 = Debug|Any CPU
		{506BA9EB-DC93-4611-A1BA-072E1838AAE4}.Release|Any CPU.ActiveCfg = Release|Any CPU
		{506BA9EB-DC93-4611-A1BA-072E1838AAE4}.Release|Any CPU.Build.0 = Release|Any CPU
	EndGlobalSection
	GlobalSection(SolutionProperties) = preSolution
		HideSolutionNode = FALSE
	EndGlobalSection
	GlobalSection(ExtensibilityGlobals) = postSolution
		SolutionGuid = {E5C16087-5225-4844-8D25-FE833F5BB5BC}
	EndGlobalSection
EndGlobal
